
Microsoft Visual Studio Solution File, Format Version 12.00
# Visual Studio Version 17
VisualStudioVersion = 17.14.36221.1
MinimumVisualStudioVersion = 10.0.40219.1
Project("{FAE04EC0-301F-11D3-BF4B-00C04F79EFBC}") = "CRUDDEMO1", "CRUDDEMO1.csproj", "{BEB77E8C-C270-4591-AD08-94590C645145}"
EndProject
Project("{FAE04EC0-301F-11D3-BF4B-00C04F79EFBC}") = "KAFKA", "..\test1employee1\KAFKA.csproj", "{1140B9EA-174C-4D10-941A-D7E811889083}"
EndProject
Global
	GlobalSection(SolutionConfigurationPlatforms) = preSolution
		Debug|Any CPU = Debug|Any CPU
		Release|Any CPU = Release|Any CPU
	EndGlobalSection
	GlobalSection(ProjectConfigurationPlatforms) = postSolution
		{BEB77E8C-C270-4591-AD08-94590C645145}.Debug|Any CPU.ActiveCfg = Debug|Any CPU
		{BEB77E8C-C270-4591-AD08-94590C645145}.Debug|Any CPU.Build.0 = Debug|Any CPU
		{BEB77E8C-C270-4591-AD08-94590C645145}.Release|Any CPU.ActiveCfg = Release|Any CPU
		{BEB77E8C-C270-4591-AD08-94590C645145}.Release|Any CPU.Build.0 = Release|Any CPU
		{1140B9EA-174C-4D10-941A-D7E811889083}.Debug|Any CPU.ActiveCfg = Debug|Any CPU
		{1140B9EA-174C-4D10-941A-D7E811889083}.Debug|Any CPU.Build.0 = Debug|Any CPU
		{1140B9EA-174C-4D10-941A-D7E811889083}.Release|Any CPU.ActiveCfg = Release|Any CPU
		{1140B9EA-174C-4D10-941A-D7E811889083}.Release|Any CPU.Build.0 = Release|Any CPU
	EndGlobalSection
	GlobalSection(SolutionProperties) = preSolution
		HideSolutionNode = FALSE
	EndGlobalSection
	GlobalSection(ExtensibilityGlobals) = postSolution
		SolutionGuid = {3AA28A4E-426B-4AF2-874A-8E9626231A70}
	EndGlobalSection
EndGlobal
